# This file is automatically @generated by Poetry 1.4.2 and should not be changed by hand.

[[package]]
name = "black"
version = "21.12b0"
description = "The uncompromising code formatter."
category = "dev"
optional = false
python-versions = ">=3.6.2"
files = [
    {file = "black-21.12b0-py3-none-any.whl", hash = "sha256:a615e69ae185e08fdd73e4715e260e2479c861b5740057fde6e8b4e3b7dd589f"},
    {file = "black-21.12b0.tar.gz", hash = "sha256:77b80f693a569e2e527958459634f18df9b0ba2625ba4e0c2d5da5be42e6f2b3"},
]

[package.dependencies]
click = ">=7.1.2"
mypy-extensions = ">=0.4.3"
pathspec = ">=0.9.0,<1"
platformdirs = ">=2"
tomli = ">=0.2.6,<2.0.0"
typing-extensions = {version = ">=3.10.0.0,<3.10.0.1 || >3.10.0.1", markers = "python_version >= \"3.10\""}

[package.extras]
colorama = ["colorama (>=0.4.3)"]
d = ["aiohttp (>=3.7.4)"]
jupyter = ["ipython (>=7.8.0)", "tokenize-rt (>=3.2.0)"]
python2 = ["typed-ast (>=1.4.3)"]
uvloop = ["uvloop (>=0.15.2)"]

[[package]]
name = "cfgv"
version = "3.4.0"
description = "Validate configuration and produce human readable error messages."
category = "dev"
optional = false
python-versions = ">=3.8"
files = [
    {file = "cfgv-3.4.0-py2.py3-none-any.whl", hash = "sha256:b7265b1f29fd3316bfcd2b330d63d024f2bfd8bcb8b0272f8e19a504856c48f9"},
    {file = "cfgv-3.4.0.tar.gz", hash = "sha256:e52591d4c5f5dead8e0f673fb16db7949d2cfb3f7da4582893288f0ded8fe560"},
]

[[package]]
name = "click"
version = "8.1.7"
description = "Composable command line interface toolkit"
category = "dev"
optional = false
python-versions = ">=3.7"
files = [
    {file = "click-8.1.7-py3-none-any.whl", hash = "sha256:ae74fb96c20a0277a1d615f1e4d73c8414f5a98db8b799a7931d1582f3390c28"},
    {file = "click-8.1.7.tar.gz", hash = "sha256:ca9853ad459e787e2192211578cc907e7594e294c7ccc834310722b41b9ca6de"},
]

[package.dependencies]
colorama = {version = "*", markers = "platform_system == \"Windows\""}

[[package]]
name = "colorama"
version = "0.4.6"
description = "Cross-platform colored terminal text."
category = "dev"
optional = false
python-versions = "!=3.0.*,!=3.1.*,!=3.2.*,!=3.3.*,!=3.4.*,!=3.5.*,!=3.6.*,>=2.7"
files = [
    {file = "colorama-0.4.6-py2.py3-none-any.whl", hash = "sha256:4f1d9991f5acc0ca119f9d443620b77f9d6b33703e51011c16baf57afb285fc6"},
    {file = "colorama-0.4.6.tar.gz", hash = "sha256:08695f5cb7ed6e0531a20572697297273c47b8cae5a63ffc6d6ed5c201be6e44"},
]

[[package]]
name = "dill"
version = "0.3.7"
description = "serialize all of Python"
category = "main"
optional = false
python-versions = ">=3.7"
files = [
    {file = "dill-0.3.7-py3-none-any.whl", hash = "sha256:76b122c08ef4ce2eedcd4d1abd8e641114bfc6c2867f49f3c41facf65bf19f5e"},
    {file = "dill-0.3.7.tar.gz", hash = "sha256:cc1c8b182eb3013e24bd475ff2e9295af86c1a38eb1aff128dac8962a9ce3c03"},
]

[package.extras]
graph = ["objgraph (>=1.7.2)"]

[[package]]
name = "distlib"
version = "0.3.7"
description = "Distribution utilities"
category = "dev"
optional = false
python-versions = "*"
files = [
    {file = "distlib-0.3.7-py2.py3-none-any.whl", hash = "sha256:2e24928bc811348f0feb63014e97aaae3037f2cf48712d51ae61df7fd6075057"},
    {file = "distlib-0.3.7.tar.gz", hash = "sha256:9dafe54b34a028eafd95039d5e5d4851a13734540f1331060d31c9916e7147a8"},
]

[[package]]
name = "filelock"
version = "3.12.2"
description = "A platform independent file lock."
category = "dev"
optional = false
python-versions = ">=3.7"
files = [
    {file = "filelock-3.12.2-py3-none-any.whl", hash = "sha256:cbb791cdea2a72f23da6ac5b5269ab0a0d161e9ef0100e653b69049a7706d1ec"},
    {file = "filelock-3.12.2.tar.gz", hash = "sha256:002740518d8aa59a26b0c76e10fb8c6e15eae825d34b6fdf670333fd7b938d81"},
]

[package.extras]
docs = ["furo (>=2023.5.20)", "sphinx (>=7.0.1)", "sphinx-autodoc-typehints (>=1.23,!=1.23.4)"]
testing = ["covdefaults (>=2.3)", "coverage (>=7.2.7)", "diff-cover (>=7.5)", "pytest (>=7.3.1)", "pytest-cov (>=4.1)", "pytest-mock (>=3.10)", "pytest-timeout (>=2.1)"]

[[package]]
name = "grpcio"
version = "1.56.0"
description = "HTTP/2-based RPC framework"
category = "main"
optional = false
python-versions = ">=3.7"
files = [
    {file = "grpcio-1.56.0-cp310-cp310-linux_armv7l.whl", hash = "sha256:fb34ace11419f1ae321c36ccaa18d81cd3f20728cd191250be42949d6845bb2d"},
    {file = "grpcio-1.56.0-cp310-cp310-macosx_12_0_universal2.whl", hash = "sha256:008767c0aed4899e657b50f2e0beacbabccab51359eba547f860e7c55f2be6ba"},
    {file = "grpcio-1.56.0-cp310-cp310-manylinux_2_17_aarch64.whl", hash = "sha256:17f47aeb9be0da5337f9ff33ebb8795899021e6c0741ee68bd69774a7804ca86"},
    {file = "grpcio-1.56.0-cp310-cp310-manylinux_2_17_i686.manylinux2014_i686.whl", hash = "sha256:43c50d810cc26349b093bf2cfe86756ab3e9aba3e7e681d360930c1268e1399a"},
    {file = "grpcio-1.56.0-cp310-cp310-manylinux_2_17_x86_64.manylinux2014_x86_64.whl", hash = "sha256:187b8f71bad7d41eea15e0c9812aaa2b87adfb343895fffb704fb040ca731863"},
    {file = "grpcio-1.56.0-cp310-cp310-musllinux_1_1_i686.whl", hash = "sha256:881575f240eb5db72ddca4dc5602898c29bc082e0d94599bf20588fb7d1ee6a0"},
    {file = "grpcio-1.56.0-cp310-cp310-musllinux_1_1_x86_64.whl", hash = "sha256:c243b158dd7585021d16c50498c4b2ec0a64a6119967440c5ff2d8c89e72330e"},
    {file = "grpcio-1.56.0-cp310-cp310-win32.whl", hash = "sha256:8b3b2c7b5feef90bc9a5fa1c7f97637e55ec3e76460c6d16c3013952ee479cd9"},
    {file = "grpcio-1.56.0-cp310-cp310-win_amd64.whl", hash = "sha256:03a80451530fd3b8b155e0c4480434f6be669daf7ecba56f73ef98f94222ee01"},
    {file = "grpcio-1.56.0-cp311-cp311-linux_armv7l.whl", hash = "sha256:64bd3abcf9fb4a9fa4ede8d0d34686314a7075f62a1502217b227991d9ca4245"},
    {file = "grpcio-1.56.0-cp311-cp311-macosx_10_10_universal2.whl", hash = "sha256:fdc3a895791af4addbb826808d4c9c35917c59bb5c430d729f44224e51c92d61"},
    {file = "grpcio-1.56.0-cp311-cp311-manylinux_2_17_aarch64.whl", hash = "sha256:4f84a6fd4482e5fe73b297d4874b62a535bc75dc6aec8e9fe0dc88106cd40397"},
    {file = "grpcio-1.56.0-cp311-cp311-manylinux_2_17_i686.manylinux2014_i686.whl", hash = "sha256:14e70b4dda3183abea94c72d41d5930c333b21f8561c1904a372d80370592ef3"},
    {file = "grpcio-1.56.0-cp311-cp311-manylinux_2_17_x86_64.manylinux2014_x86_64.whl", hash = "sha256:6b5ce42a5ebe3e04796246ba50357f1813c44a6efe17a37f8dc7a5c470377312"},
    {file = "grpcio-1.56.0-cp311-cp311-musllinux_1_1_i686.whl", hash = "sha256:8219f17baf069fe8e42bd8ca0b312b875595e43a70cabf397be4fda488e2f27d"},
    {file = "grpcio-1.56.0-cp311-cp311-musllinux_1_1_x86_64.whl", hash = "sha256:defdd14b518e6e468466f799aaa69db0355bca8d3a5ea75fb912d28ba6f8af31"},
    {file = "grpcio-1.56.0-cp311-cp311-win32.whl", hash = "sha256:50f4daa698835accbbcc60e61e0bc29636c0156ddcafb3891c987e533a0031ba"},
    {file = "grpcio-1.56.0-cp311-cp311-win_amd64.whl", hash = "sha256:59c4e606993a47146fbeaf304b9e78c447f5b9ee5641cae013028c4cca784617"},
    {file = "grpcio-1.56.0-cp37-cp37m-linux_armv7l.whl", hash = "sha256:b1f4b6f25a87d80b28dd6d02e87d63fe1577fe6d04a60a17454e3f8077a38279"},
    {file = "grpcio-1.56.0-cp37-cp37m-macosx_10_10_universal2.whl", hash = "sha256:c2148170e01d464d41011a878088444c13413264418b557f0bdcd1bf1b674a0e"},
    {file = "grpcio-1.56.0-cp37-cp37m-manylinux_2_17_aarch64.whl", hash = "sha256:0409de787ebbf08c9d2bca2bcc7762c1efe72eada164af78b50567a8dfc7253c"},
    {file = "grpcio-1.56.0-cp37-cp37m-manylinux_2_17_i686.manylinux2014_i686.whl", hash = "sha256:66f0369d27f4c105cd21059d635860bb2ea81bd593061c45fb64875103f40e4a"},
    {file = "grpcio-1.56.0-cp37-cp37m-manylinux_2_17_x86_64.manylinux2014_x86_64.whl", hash = "sha256:38fdf5bd0a1c754ce6bf9311a3c2c7ebe56e88b8763593316b69e0e9a56af1de"},
    {file = "grpcio-1.56.0-cp37-cp37m-musllinux_1_1_i686.whl", hash = "sha256:79d4c5911d12a7aa671e5eb40cbb50a830396525014d2d6f254ea2ba180ce637"},
    {file = "grpcio-1.56.0-cp37-cp37m-musllinux_1_1_x86_64.whl", hash = "sha256:5d2fc471668a7222e213f86ef76933b18cdda6a51ea1322034478df8c6519959"},
    {file = "grpcio-1.56.0-cp37-cp37m-win_amd64.whl", hash = "sha256:991224fd485e088d3cb5e34366053691a4848a6b7112b8f5625a411305c26691"},
    {file = "grpcio-1.56.0-cp38-cp38-linux_armv7l.whl", hash = "sha256:c6f36621aabecbaff3e70c4d1d924c76c8e6a7ffec60c331893640a4af0a8037"},
    {file = "grpcio-1.56.0-cp38-cp38-macosx_10_10_universal2.whl", hash = "sha256:1eadd6de258901929223f422ffed7f8b310c0323324caf59227f9899ea1b1674"},
    {file = "grpcio-1.56.0-cp38-cp38-manylinux_2_17_aarch64.whl", hash = "sha256:72836b5a1d4f508ffbcfe35033d027859cc737972f9dddbe33fb75d687421e2e"},
    {file = "grpcio-1.56.0-cp38-cp38-manylinux_2_17_i686.manylinux2014_i686.whl", hash = "sha256:f92a99ab0c7772fb6859bf2e4f44ad30088d18f7c67b83205297bfb229e0d2cf"},
    {file = "grpcio-1.56.0-cp38-cp38-manylinux_2_17_x86_64.manylinux2014_x86_64.whl", hash = "sha256:aa08affbf672d051cd3da62303901aeb7042a2c188c03b2c2a2d346fc5e81c14"},
    {file = "grpcio-1.56.0-cp38-cp38-musllinux_1_1_i686.whl", hash = "sha256:e2db108b4c8e29c145e95b0226973a66d73ae3e3e7fae00329294af4e27f1c42"},
    {file = "grpcio-1.56.0-cp38-cp38-musllinux_1_1_x86_64.whl", hash = "sha256:8674fdbd28266d8efbcddacf4ec3643f76fe6376f73283fd63a8374c14b0ef7c"},
    {file = "grpcio-1.56.0-cp38-cp38-win32.whl", hash = "sha256:bd55f743e654fb050c665968d7ec2c33f03578a4bbb163cfce38024775ff54cc"},
    {file = "grpcio-1.56.0-cp38-cp38-win_amd64.whl", hash = "sha256:c63bc5ac6c7e646c296fed9139097ae0f0e63f36f0864d7ce431cce61fe0118a"},
    {file = "grpcio-1.56.0-cp39-cp39-linux_armv7l.whl", hash = "sha256:c0bc9dda550785d23f4f025be614b7faa8d0293e10811f0f8536cf50435b7a30"},
    {file = "grpcio-1.56.0-cp39-cp39-macosx_10_10_universal2.whl", hash = "sha256:d596408bab632ec7b947761e83ce6b3e7632e26b76d64c239ba66b554b7ee286"},
    {file = "grpcio-1.56.0-cp39-cp39-manylinux_2_17_aarch64.whl", hash = "sha256:76b6e6e1ee9bda32e6e933efd61c512e9a9f377d7c580977f090d1a9c78cca44"},
    {file = "grpcio-1.56.0-cp39-cp39-manylinux_2_17_i686.manylinux2014_i686.whl", hash = "sha256:7beb84ebd0a3f732625124b73969d12b7350c5d9d64ddf81ae739bbc63d5b1ed"},
    {file = "grpcio-1.56.0-cp39-cp39-manylinux_2_17_x86_64.manylinux2014_x86_64.whl", hash = "sha256:83ec714bbbe9b9502177c842417fde39f7a267031e01fa3cd83f1ca49688f537"},
    {file = "grpcio-1.56.0-cp39-cp39-musllinux_1_1_i686.whl", hash = "sha256:4feee75565d1b5ab09cb3a5da672b84ca7f6dd80ee07a50f5537207a9af543a4"},
    {file = "grpcio-1.56.0-cp39-cp39-musllinux_1_1_x86_64.whl", hash = "sha256:b4638a796778329cc8e142e4f57c705adb286b3ba64e00b0fa91eeb919611be8"},
    {file = "grpcio-1.56.0-cp39-cp39-win32.whl", hash = "sha256:437af5a7673bca89c4bc0a993382200592d104dd7bf55eddcd141cef91f40bab"},
    {file = "grpcio-1.56.0-cp39-cp39-win_amd64.whl", hash = "sha256:4241a1c2c76e748023c834995cd916570e7180ee478969c2d79a60ce007bc837"},
    {file = "grpcio-1.56.0.tar.gz", hash = "sha256:4c08ee21b3d10315b8dc26f6c13917b20ed574cdbed2d2d80c53d5508fdcc0f2"},
]

[package.extras]
protobuf = ["grpcio-tools (>=1.56.0)"]

[[package]]
name = "identify"
version = "2.5.26"
description = "File identification library for Python"
category = "dev"
optional = false
python-versions = ">=3.8"
files = [
    {file = "identify-2.5.26-py2.py3-none-any.whl", hash = "sha256:c22a8ead0d4ca11f1edd6c9418c3220669b3b7533ada0a0ffa6cc0ef85cf9b54"},
    {file = "identify-2.5.26.tar.gz", hash = "sha256:7243800bce2f58404ed41b7c002e53d4d22bcf3ae1b7900c2d7aefd95394bf7f"},
]

[package.extras]
license = ["ukkonen"]

[[package]]
name = "isort"
version = "5.12.0"
description = "A Python utility / library to sort Python imports."
category = "dev"
optional = false
python-versions = ">=3.8.0"
files = [
    {file = "isort-5.12.0-py3-none-any.whl", hash = "sha256:f84c2818376e66cf843d497486ea8fed8700b340f308f076c6fb1229dff318b6"},
    {file = "isort-5.12.0.tar.gz", hash = "sha256:8bef7dde241278824a6d83f44a544709b065191b95b6e50894bdc722fcba0504"},
]

[package.extras]
colors = ["colorama (>=0.4.3)"]
pipfile-deprecated-finder = ["pip-shims (>=0.5.2)", "pipreqs", "requirementslib"]
plugins = ["setuptools"]
requirements-deprecated-finder = ["pip-api", "pipreqs"]

[[package]]
name = "mypy"
version = "1.5.1"
description = "Optional static typing for Python"
category = "dev"
optional = false
python-versions = ">=3.8"
files = [
    {file = "mypy-1.5.1-cp310-cp310-macosx_10_9_x86_64.whl", hash = "sha256:f33592ddf9655a4894aef22d134de7393e95fcbdc2d15c1ab65828eee5c66c70"},
    {file = "mypy-1.5.1-cp310-cp310-macosx_11_0_arm64.whl", hash = "sha256:258b22210a4a258ccd077426c7a181d789d1121aca6db73a83f79372f5569ae0"},
    {file = "mypy-1.5.1-cp310-cp310-manylinux_2_17_x86_64.manylinux2014_x86_64.whl", hash = "sha256:a9ec1f695f0c25986e6f7f8778e5ce61659063268836a38c951200c57479cc12"},
    {file = "mypy-1.5.1-cp310-cp310-musllinux_1_1_x86_64.whl", hash = "sha256:abed92d9c8f08643c7d831300b739562b0a6c9fcb028d211134fc9ab20ccad5d"},
    {file = "mypy-1.5.1-cp310-cp310-win_amd64.whl", hash = "sha256:a156e6390944c265eb56afa67c74c0636f10283429171018446b732f1a05af25"},
    {file = "mypy-1.5.1-cp311-cp311-macosx_10_9_x86_64.whl", hash = "sha256:6ac9c21bfe7bc9f7f1b6fae441746e6a106e48fc9de530dea29e8cd37a2c0cc4"},
    {file = "mypy-1.5.1-cp311-cp311-macosx_11_0_arm64.whl", hash = "sha256:51cb1323064b1099e177098cb939eab2da42fea5d818d40113957ec954fc85f4"},
    {file = "mypy-1.5.1-cp311-cp311-manylinux_2_17_x86_64.manylinux2014_x86_64.whl", hash = "sha256:596fae69f2bfcb7305808c75c00f81fe2829b6236eadda536f00610ac5ec2243"},
    {file = "mypy-1.5.1-cp311-cp311-musllinux_1_1_x86_64.whl", hash = "sha256:32cb59609b0534f0bd67faebb6e022fe534bdb0e2ecab4290d683d248be1b275"},
    {file = "mypy-1.5.1-cp311-cp311-win_amd64.whl", hash = "sha256:159aa9acb16086b79bbb0016145034a1a05360626046a929f84579ce1666b315"},
    {file = "mypy-1.5.1-cp312-cp312-macosx_10_9_x86_64.whl", hash = "sha256:f6b0e77db9ff4fda74de7df13f30016a0a663928d669c9f2c057048ba44f09bb"},
    {file = "mypy-1.5.1-cp312-cp312-macosx_11_0_arm64.whl", hash = "sha256:26f71b535dfc158a71264e6dc805a9f8d2e60b67215ca0bfa26e2e1aa4d4d373"},
    {file = "mypy-1.5.1-cp312-cp312-manylinux_2_17_x86_64.manylinux2014_x86_64.whl", hash = "sha256:2fc3a600f749b1008cc75e02b6fb3d4db8dbcca2d733030fe7a3b3502902f161"},
    {file = "mypy-1.5.1-cp312-cp312-musllinux_1_1_x86_64.whl", hash = "sha256:26fb32e4d4afa205b24bf645eddfbb36a1e17e995c5c99d6d00edb24b693406a"},
    {file = "mypy-1.5.1-cp312-cp312-win_amd64.whl", hash = "sha256:82cb6193de9bbb3844bab4c7cf80e6227d5225cc7625b068a06d005d861ad5f1"},
    {file = "mypy-1.5.1-cp38-cp38-macosx_10_9_x86_64.whl", hash = "sha256:4a465ea2ca12804d5b34bb056be3a29dc47aea5973b892d0417c6a10a40b2d65"},
    {file = "mypy-1.5.1-cp38-cp38-macosx_11_0_arm64.whl", hash = "sha256:9fece120dbb041771a63eb95e4896791386fe287fefb2837258925b8326d6160"},
    {file = "mypy-1.5.1-cp38-cp38-manylinux_2_17_x86_64.manylinux2014_x86_64.whl", hash = "sha256:d28ddc3e3dfeab553e743e532fb95b4e6afad51d4706dd22f28e1e5e664828d2"},
    {file = "mypy-1.5.1-cp38-cp38-musllinux_1_1_x86_64.whl", hash = "sha256:57b10c56016adce71fba6bc6e9fd45d8083f74361f629390c556738565af8eeb"},
    {file = "mypy-1.5.1-cp38-cp38-win_amd64.whl", hash = "sha256:ff0cedc84184115202475bbb46dd99f8dcb87fe24d5d0ddfc0fe6b8575c88d2f"},
    {file = "mypy-1.5.1-cp39-cp39-macosx_10_9_x86_64.whl", hash = "sha256:8f772942d372c8cbac575be99f9cc9d9fb3bd95c8bc2de6c01411e2c84ebca8a"},
    {file = "mypy-1.5.1-cp39-cp39-macosx_11_0_arm64.whl", hash = "sha256:5d627124700b92b6bbaa99f27cbe615c8ea7b3402960f6372ea7d65faf376c14"},
    {file = "mypy-1.5.1-cp39-cp39-manylinux_2_17_x86_64.manylinux2014_x86_64.whl", hash = "sha256:361da43c4f5a96173220eb53340ace68cda81845cd88218f8862dfb0adc8cddb"},
    {file = "mypy-1.5.1-cp39-cp39-musllinux_1_1_x86_64.whl", hash = "sha256:330857f9507c24de5c5724235e66858f8364a0693894342485e543f5b07c8693"},
    {file = "mypy-1.5.1-cp39-cp39-win_amd64.whl", hash = "sha256:c543214ffdd422623e9fedd0869166c2f16affe4ba37463975043ef7d2ea8770"},
    {file = "mypy-1.5.1-py3-none-any.whl", hash = "sha256:f757063a83970d67c444f6e01d9550a7402322af3557ce7630d3c957386fa8f5"},
    {file = "mypy-1.5.1.tar.gz", hash = "sha256:b031b9601f1060bf1281feab89697324726ba0c0bae9d7cd7ab4b690940f0b92"},
]

[package.dependencies]
mypy-extensions = ">=1.0.0"
tomli = {version = ">=1.1.0", markers = "python_version < \"3.11\""}
typing-extensions = ">=4.1.0"

[package.extras]
dmypy = ["psutil (>=4.0)"]
install-types = ["pip"]
reports = ["lxml"]

[[package]]
name = "mypy-extensions"
version = "1.0.0"
description = "Type system extensions for programs checked with the mypy type checker."
category = "dev"
optional = false
python-versions = ">=3.5"
files = [
    {file = "mypy_extensions-1.0.0-py3-none-any.whl", hash = "sha256:4392f6c0eb8a5668a69e23d168ffa70f0be9ccfd32b5cc2d26a34ae5b844552d"},
    {file = "mypy_extensions-1.0.0.tar.gz", hash = "sha256:75dbf8955dc00442a438fc4d0666508a9a97b6bd41aa2f0ffe9d2f2725af0782"},
]

[[package]]
name = "nodeenv"
version = "1.8.0"
description = "Node.js virtual environment builder"
category = "dev"
optional = false
python-versions = ">=2.7,!=3.0.*,!=3.1.*,!=3.2.*,!=3.3.*,!=3.4.*,!=3.5.*,!=3.6.*"
files = [
    {file = "nodeenv-1.8.0-py2.py3-none-any.whl", hash = "sha256:df865724bb3c3adc86b3876fa209771517b0cfe596beff01a92700e0e8be4cec"},
    {file = "nodeenv-1.8.0.tar.gz", hash = "sha256:d51e0c37e64fbf47d017feac3145cdbb58836d7eee8c6f6d3b6880c5456227d2"},
]

[package.dependencies]
setuptools = "*"

[[package]]
name = "pathspec"
version = "0.11.2"
description = "Utility library for gitignore style pattern matching of file paths."
category = "dev"
optional = false
python-versions = ">=3.7"
files = [
    {file = "pathspec-0.11.2-py3-none-any.whl", hash = "sha256:1d6ed233af05e679efb96b1851550ea95bbb64b7c490b0f5aa52996c11e92a20"},
    {file = "pathspec-0.11.2.tar.gz", hash = "sha256:e0d8d0ac2f12da61956eb2306b69f9469b42f4deb0f3cb6ed47b9cce9996ced3"},
]

[[package]]
name = "platformdirs"
version = "3.10.0"
description = "A small Python package for determining appropriate platform-specific dirs, e.g. a \"user data dir\"."
category = "dev"
optional = false
python-versions = ">=3.7"
files = [
    {file = "platformdirs-3.10.0-py3-none-any.whl", hash = "sha256:d7c24979f292f916dc9cbf8648319032f551ea8c49a4c9bf2fb556a02070ec1d"},
    {file = "platformdirs-3.10.0.tar.gz", hash = "sha256:b45696dab2d7cc691a3226759c0d3b00c47c8b6e293d96f6436f733303f77f6d"},
]

[package.extras]
docs = ["furo (>=2023.7.26)", "proselint (>=0.13)", "sphinx (>=7.1.1)", "sphinx-autodoc-typehints (>=1.24)"]
test = ["appdirs (==1.4.4)", "covdefaults (>=2.3)", "pytest (>=7.4)", "pytest-cov (>=4.1)", "pytest-mock (>=3.11.1)"]

[[package]]
name = "pre-commit"
version = "3.4.0"
description = "A framework for managing and maintaining multi-language pre-commit hooks."
category = "dev"
optional = false
python-versions = ">=3.8"
files = [
    {file = "pre_commit-3.4.0-py2.py3-none-any.whl", hash = "sha256:96d529a951f8b677f730a7212442027e8ba53f9b04d217c4c67dc56c393ad945"},
    {file = "pre_commit-3.4.0.tar.gz", hash = "sha256:6bbd5129a64cad4c0dfaeeb12cd8f7ea7e15b77028d985341478c8af3c759522"},
]

[package.dependencies]
cfgv = ">=2.0.0"
identify = ">=1.0.0"
nodeenv = ">=0.11.1"
pyyaml = ">=5.1"
virtualenv = ">=20.10.0"

[[package]]
name = "protobuf"
version = "4.24.1"
description = ""
category = "main"
optional = false
python-versions = ">=3.7"
files = [
    {file = "protobuf-4.24.1-cp310-abi3-win32.whl", hash = "sha256:d414199ca605eeb498adc4d2ba82aedc0379dca4a7c364ff9bc9a179aa28e71b"},
    {file = "protobuf-4.24.1-cp310-abi3-win_amd64.whl", hash = "sha256:5906c5e79ff50fe38b2d49d37db5874e3c8010826f2362f79996d83128a8ed9b"},
    {file = "protobuf-4.24.1-cp37-abi3-macosx_10_9_universal2.whl", hash = "sha256:970c701ee16788d74f3de20938520d7a0aebc7e4fff37096a48804c80d2908cf"},
    {file = "protobuf-4.24.1-cp37-abi3-manylinux2014_aarch64.whl", hash = "sha256:fc361148e902949dcb953bbcb148c99fe8f8854291ad01107e4120361849fd0e"},
    {file = "protobuf-4.24.1-cp37-abi3-manylinux2014_x86_64.whl", hash = "sha256:5d32363d14aca6e5c9e9d5918ad8fb65b091b6df66740ae9de50ac3916055e43"},
    {file = "protobuf-4.24.1-cp37-cp37m-win32.whl", hash = "sha256:df015c47d6855b8efa0b9be706c70bf7f050a4d5ac6d37fb043fbd95157a0e25"},
    {file = "protobuf-4.24.1-cp37-cp37m-win_amd64.whl", hash = "sha256:d4af4fd9e9418e819be30f8df2a16e72fbad546a7576ac7f3653be92a6966d30"},
    {file = "protobuf-4.24.1-cp38-cp38-win32.whl", hash = "sha256:302e8752c760549ed4c7a508abc86b25d46553c81989343782809e1a062a2ef9"},
    {file = "protobuf-4.24.1-cp38-cp38-win_amd64.whl", hash = "sha256:06437f0d4bb0d5f29e3d392aba69600188d4be5ad1e0a3370e581a9bf75a3081"},
    {file = "protobuf-4.24.1-cp39-cp39-win32.whl", hash = "sha256:0b2b224e9541fe9f046dd7317d05f08769c332b7e4c54d93c7f0f372dedb0b1a"},
    {file = "protobuf-4.24.1-cp39-cp39-win_amd64.whl", hash = "sha256:bd39b9094a4cc003a1f911b847ab379f89059f478c0b611ba1215053e295132e"},
    {file = "protobuf-4.24.1-py3-none-any.whl", hash = "sha256:55dd644adc27d2a624339332755fe077c7f26971045b469ebb9732a69ce1f2ca"},
    {file = "protobuf-4.24.1.tar.gz", hash = "sha256:44837a5ed9c9418ad5d502f89f28ba102e9cd172b6668bc813f21716f9273348"},
]

[[package]]
name = "pulumi"
version = "3.78.1"
description = "Pulumi's Python SDK"
category = "main"
optional = false
python-versions = ">=3.7"
files = [
    {file = "pulumi-3.78.1-py3-none-any.whl", hash = "sha256:e1f2b7f601694bf0c35d69539d0252ebac8221aa1e5ccb4e0963b03052fabe43"},
]

[package.dependencies]
dill = ">=0.3,<1.0"
grpcio = "1.56.0"
protobuf = ">=4.21,<5.0"
pyyaml = ">=6.0,<7.0"
semver = ">=2.13,<3.0"
six = ">=1.12,<2.0"

[[package]]
name = "pyyaml"
version = "6.0.1"
description = "YAML parser and emitter for Python"
category = "main"
optional = false
python-versions = ">=3.6"
files = [
    {file = "PyYAML-6.0.1-cp310-cp310-macosx_10_9_x86_64.whl", hash = "sha256:d858aa552c999bc8a8d57426ed01e40bef403cd8ccdd0fc5f6f04a00414cac2a"},
    {file = "PyYAML-6.0.1-cp310-cp310-macosx_11_0_arm64.whl", hash = "sha256:fd66fc5d0da6d9815ba2cebeb4205f95818ff4b79c3ebe268e75d961704af52f"},
    {file = "PyYAML-6.0.1-cp310-cp310-manylinux_2_17_aarch64.manylinux2014_aarch64.whl", hash = "sha256:69b023b2b4daa7548bcfbd4aa3da05b3a74b772db9e23b982788168117739938"},
    {file = "PyYAML-6.0.1-cp310-cp310-manylinux_2_17_s390x.manylinux2014_s390x.whl", hash = "sha256:81e0b275a9ecc9c0c0c07b4b90ba548307583c125f54d5b6946cfee6360c733d"},
    {file = "PyYAML-6.0.1-cp310-cp310-manylinux_2_17_x86_64.manylinux2014_x86_64.whl", hash = "sha256:ba336e390cd8e4d1739f42dfe9bb83a3cc2e80f567d8805e11b46f4a943f5515"},
    {file = "PyYAML-6.0.1-cp310-cp310-musllinux_1_1_x86_64.whl", hash = "sha256:326c013efe8048858a6d312ddd31d56e468118ad4cdeda36c719bf5bb6192290"},
    {file = "PyYAML-6.0.1-cp310-cp310-win32.whl", hash = "sha256:bd4af7373a854424dabd882decdc5579653d7868b8fb26dc7d0e99f823aa5924"},
    {file = "PyYAML-6.0.1-cp310-cp310-win_amd64.whl", hash = "sha256:fd1592b3fdf65fff2ad0004b5e363300ef59ced41c2e6b3a99d4089fa8c5435d"},
    {file = "PyYAML-6.0.1-cp311-cp311-macosx_10_9_x86_64.whl", hash = "sha256:6965a7bc3cf88e5a1c3bd2e0b5c22f8d677dc88a455344035f03399034eb3007"},
    {file = "PyYAML-6.0.1-cp311-cp311-macosx_11_0_arm64.whl", hash = "sha256:f003ed9ad21d6a4713f0a9b5a7a0a79e08dd0f221aff4525a2be4c346ee60aab"},
    {file = "PyYAML-6.0.1-cp311-cp311-manylinux_2_17_aarch64.manylinux2014_aarch64.whl", hash = "sha256:42f8152b8dbc4fe7d96729ec2b99c7097d656dc1213a3229ca5383f973a5ed6d"},
    {file = "PyYAML-6.0.1-cp311-cp311-manylinux_2_17_s390x.manylinux2014_s390x.whl", hash = "sha256:062582fca9fabdd2c8b54a3ef1c978d786e0f6b3a1510e0ac93ef59e0ddae2bc"},
    {file = "PyYAML-6.0.1-cp311-cp311-manylinux_2_17_x86_64.manylinux2014_x86_64.whl", hash = "sha256:d2b04aac4d386b172d5b9692e2d2da8de7bfb6c387fa4f801fbf6fb2e6ba4673"},
    {file = "PyYAML-6.0.1-cp311-cp311-musllinux_1_1_x86_64.whl", hash = "sha256:e7d73685e87afe9f3b36c799222440d6cf362062f78be1013661b00c5c6f678b"},
    {file = "PyYAML-6.0.1-cp311-cp311-win32.whl", hash = "sha256:1635fd110e8d85d55237ab316b5b011de701ea0f29d07611174a1b42f1444741"},
    {file = "PyYAML-6.0.1-cp311-cp311-win_amd64.whl", hash = "sha256:bf07ee2fef7014951eeb99f56f39c9bb4af143d8aa3c21b1677805985307da34"},
    {file = "PyYAML-6.0.1-cp312-cp312-macosx_10_9_x86_64.whl", hash = "sha256:855fb52b0dc35af121542a76b9a84f8d1cd886ea97c84703eaa6d88e37a2ad28"},
    {file = "PyYAML-6.0.1-cp312-cp312-macosx_11_0_arm64.whl", hash = "sha256:40df9b996c2b73138957fe23a16a4f0ba614f4c0efce1e9406a184b6d07fa3a9"},
    {file = "PyYAML-6.0.1-cp312-cp312-manylinux_2_17_x86_64.manylinux2014_x86_64.whl", hash = "sha256:6c22bec3fbe2524cde73d7ada88f6566758a8f7227bfbf93a408a9d86bcc12a0"},
    {file = "PyYAML-6.0.1-cp312-cp312-musllinux_1_1_x86_64.whl", hash = "sha256:8d4e9c88387b0f5c7d5f281e55304de64cf7f9c0021a3525bd3b1c542da3b0e4"},
    {file = "PyYAML-6.0.1-cp312-cp312-win32.whl", hash = "sha256:d483d2cdf104e7c9fa60c544d92981f12ad66a457afae824d146093b8c294c54"},
    {file = "PyYAML-6.0.1-cp312-cp312-win_amd64.whl", hash = "sha256:0d3304d8c0adc42be59c5f8a4d9e3d7379e6955ad754aa9d6ab7a398b59dd1df"},
    {file = "PyYAML-6.0.1-cp36-cp36m-macosx_10_9_x86_64.whl", hash = "sha256:50550eb667afee136e9a77d6dc71ae76a44df8b3e51e41b77f6de2932bfe0f47"},
    {file = "PyYAML-6.0.1-cp36-cp36m-manylinux_2_17_aarch64.manylinux2014_aarch64.whl", hash = "sha256:1fe35611261b29bd1de0070f0b2f47cb6ff71fa6595c077e42bd0c419fa27b98"},
    {file = "PyYAML-6.0.1-cp36-cp36m-manylinux_2_17_s390x.manylinux2014_s390x.whl", hash = "sha256:704219a11b772aea0d8ecd7058d0082713c3562b4e271b849ad7dc4a5c90c13c"},
    {file = "PyYAML-6.0.1-cp36-cp36m-manylinux_2_17_x86_64.manylinux2014_x86_64.whl", hash = "sha256:afd7e57eddb1a54f0f1a974bc4391af8bcce0b444685d936840f125cf046d5bd"},
    {file = "PyYAML-6.0.1-cp36-cp36m-win32.whl", hash = "sha256:fca0e3a251908a499833aa292323f32437106001d436eca0e6e7833256674585"},
    {file = "PyYAML-6.0.1-cp36-cp36m-win_amd64.whl", hash = "sha256:f22ac1c3cac4dbc50079e965eba2c1058622631e526bd9afd45fedd49ba781fa"},
    {file = "PyYAML-6.0.1-cp37-cp37m-macosx_10_9_x86_64.whl", hash = "sha256:b1275ad35a5d18c62a7220633c913e1b42d44b46ee12554e5fd39c70a243d6a3"},
    {file = "PyYAML-6.0.1-cp37-cp37m-manylinux_2_17_aarch64.manylinux2014_aarch64.whl", hash = "sha256:18aeb1bf9a78867dc38b259769503436b7c72f7a1f1f4c93ff9a17de54319b27"},
    {file = "PyYAML-6.0.1-cp37-cp37m-manylinux_2_17_s390x.manylinux2014_s390x.whl", hash = "sha256:596106435fa6ad000c2991a98fa58eeb8656ef2325d7e158344fb33864ed87e3"},
    {file = "PyYAML-6.0.1-cp37-cp37m-manylinux_2_17_x86_64.manylinux2014_x86_64.whl", hash = "sha256:baa90d3f661d43131ca170712d903e6295d1f7a0f595074f151c0aed377c9b9c"},
    {file = "PyYAML-6.0.1-cp37-cp37m-win32.whl", hash = "sha256:9046c58c4395dff28dd494285c82ba00b546adfc7ef001486fbf0324bc174fba"},
    {file = "PyYAML-6.0.1-cp37-cp37m-win_amd64.whl", hash = "sha256:4fb147e7a67ef577a588a0e2c17b6db51dda102c71de36f8549b6816a96e1867"},
    {file = "PyYAML-6.0.1-cp38-cp38-macosx_10_9_x86_64.whl", hash = "sha256:1d4c7e777c441b20e32f52bd377e0c409713e8bb1386e1099c2415f26e479595"},
    {file = "PyYAML-6.0.1-cp38-cp38-manylinux_2_17_aarch64.manylinux2014_aarch64.whl", hash = "sha256:a0cd17c15d3bb3fa06978b4e8958dcdc6e0174ccea823003a106c7d4d7899ac5"},
    {file = "PyYAML-6.0.1-cp38-cp38-manylinux_2_17_s390x.manylinux2014_s390x.whl", hash = "sha256:28c119d996beec18c05208a8bd78cbe4007878c6dd15091efb73a30e90539696"},
    {file = "PyYAML-6.0.1-cp38-cp38-manylinux_2_17_x86_64.manylinux2014_x86_64.whl", hash = "sha256:7e07cbde391ba96ab58e532ff4803f79c4129397514e1413a7dc761ccd755735"},
    {file = "PyYAML-6.0.1-cp38-cp38-musllinux_1_1_x86_64.whl", hash = "sha256:49a183be227561de579b4a36efbb21b3eab9651dd81b1858589f796549873dd6"},
    {file = "PyYAML-6.0.1-cp38-cp38-win32.whl", hash = "sha256:184c5108a2aca3c5b3d3bf9395d50893a7ab82a38004c8f61c258d4428e80206"},
    {file = "PyYAML-6.0.1-cp38-cp38-win_amd64.whl", hash = "sha256:1e2722cc9fbb45d9b87631ac70924c11d3a401b2d7f410cc0e3bbf249f2dca62"},
    {file = "PyYAML-6.0.1-cp39-cp39-macosx_10_9_x86_64.whl", hash = "sha256:9eb6caa9a297fc2c2fb8862bc5370d0303ddba53ba97e71f08023b6cd73d16a8"},
    {file = "PyYAML-6.0.1-cp39-cp39-macosx_11_0_arm64.whl", hash = "sha256:c8098ddcc2a85b61647b2590f825f3db38891662cfc2fc776415143f599bb859"},
    {file = "PyYAML-6.0.1-cp39-cp39-manylinux_2_17_aarch64.manylinux2014_aarch64.whl", hash = "sha256:5773183b6446b2c99bb77e77595dd486303b4faab2b086e7b17bc6bef28865f6"},
    {file = "PyYAML-6.0.1-cp39-cp39-manylinux_2_17_s390x.manylinux2014_s390x.whl", hash = "sha256:b786eecbdf8499b9ca1d697215862083bd6d2a99965554781d0d8d1ad31e13a0"},
    {file = "PyYAML-6.0.1-cp39-cp39-manylinux_2_17_x86_64.manylinux2014_x86_64.whl", hash = "sha256:bc1bf2925a1ecd43da378f4db9e4f799775d6367bdb94671027b73b393a7c42c"},
    {file = "PyYAML-6.0.1-cp39-cp39-musllinux_1_1_x86_64.whl", hash = "sha256:04ac92ad1925b2cff1db0cfebffb6ffc43457495c9b3c39d3fcae417d7125dc5"},
    {file = "PyYAML-6.0.1-cp39-cp39-win32.whl", hash = "sha256:faca3bdcf85b2fc05d06ff3fbc1f83e1391b3e724afa3feba7d13eeab355484c"},
    {file = "PyYAML-6.0.1-cp39-cp39-win_amd64.whl", hash = "sha256:510c9deebc5c0225e8c96813043e62b680ba2f9c50a08d3724c7f28a747d1486"},
    {file = "PyYAML-6.0.1.tar.gz", hash = "sha256:bfdf460b1736c775f2ba9f6a92bca30bc2095067b8a9d77876d1fad6cc3b4a43"},
]

[[package]]
name = "ruff"
version = "0.0.284"
description = "An extremely fast Python linter, written in Rust."
category = "dev"
optional = false
python-versions = ">=3.7"
files = [
    {file = "ruff-0.0.284-py3-none-macosx_10_7_x86_64.whl", hash = "sha256:8b949084941232e2c27f8d12c78c5a6a010927d712ecff17231ee1a8371c205b"},
    {file = "ruff-0.0.284-py3-none-macosx_10_9_x86_64.macosx_11_0_arm64.macosx_10_9_universal2.whl", hash = "sha256:a3930d66b35e4dc96197422381dff2a4e965e9278b5533e71ae8474ef202fab0"},
    {file = "ruff-0.0.284-py3-none-manylinux_2_17_aarch64.manylinux2014_aarch64.whl", hash = "sha256:1d1f7096038961d8bc3b956ee69d73826843eb5b39a5fa4ee717ed473ed69c95"},
    {file = "ruff-0.0.284-py3-none-manylinux_2_17_armv7l.manylinux2014_armv7l.whl", hash = "sha256:bcaf85907fc905d838f46490ee15f04031927bbea44c478394b0bfdeadc27362"},
    {file = "ruff-0.0.284-py3-none-manylinux_2_17_i686.manylinux2014_i686.whl", hash = "sha256:b3660b85a9d84162a055f1add334623ae2d8022a84dcd605d61c30a57b436c32"},
    {file = "ruff-0.0.284-py3-none-manylinux_2_17_ppc64.manylinux2014_ppc64.whl", hash = "sha256:0a3218458b140ea794da72b20ea09cbe13c4c1cdb7ac35e797370354628f4c05"},
    {file = "ruff-0.0.284-py3-none-manylinux_2_17_ppc64le.manylinux2014_ppc64le.whl", hash = "sha256:b2fe880cff13fffd735387efbcad54ba0ff1272bceea07f86852a33ca71276f4"},
    {file = "ruff-0.0.284-py3-none-manylinux_2_17_s390x.manylinux2014_s390x.whl", hash = "sha256:d1d098ea74d0ce31478765d1f8b4fbdbba2efc532397b5c5e8e5ea0c13d7e5ae"},
    {file = "ruff-0.0.284-py3-none-manylinux_2_17_x86_64.manylinux2014_x86_64.whl", hash = "sha256:c4c79ae3308e308b94635cd57a369d1e6f146d85019da2fbc63f55da183ee29b"},
    {file = "ruff-0.0.284-py3-none-musllinux_1_2_aarch64.whl", hash = "sha256:f86b2b1e7033c00de45cc176cf26778650fb8804073a0495aca2f674797becbb"},
    {file = "ruff-0.0.284-py3-none-musllinux_1_2_armv7l.whl", hash = "sha256:e37e086f4d623c05cd45a6fe5006e77a2b37d57773aad96b7802a6b8ecf9c910"},
    {file = "ruff-0.0.284-py3-none-musllinux_1_2_i686.whl", hash = "sha256:d29dfbe314e1131aa53df213fdfea7ee874dd96ea0dd1471093d93b59498384d"},
    {file = "ruff-0.0.284-py3-none-musllinux_1_2_x86_64.whl", hash = "sha256:88295fd649d0aa1f1271441df75bf06266a199497afd239fd392abcfd75acd7e"},
    {file = "ruff-0.0.284-py3-none-win32.whl", hash = "sha256:735cd62fccc577032a367c31f6a9de7c1eb4c01fa9a2e60775067f44f3fc3091"},
    {file = "ruff-0.0.284-py3-none-win_amd64.whl", hash = "sha256:f67ed868d79fbcc61ad0fa034fe6eed2e8d438d32abce9c04b7c4c1464b2cf8e"},
    {file = "ruff-0.0.284-py3-none-win_arm64.whl", hash = "sha256:1292cfc764eeec3cde35b3a31eae3f661d86418b5e220f5d5dba1c27a6eccbb6"},
    {file = "ruff-0.0.284.tar.gz", hash = "sha256:ebd3cc55cd499d326aac17a331deaea29bea206e01c08862f9b5c6e93d77a491"},
]

[[package]]
name = "semver"
version = "2.13.0"
description = "Python helper for Semantic Versioning (http://semver.org/)"
category = "main"
optional = false
python-versions = ">=2.7, !=3.0.*, !=3.1.*, !=3.2.*, !=3.3.*"
files = [
    {file = "semver-2.13.0-py2.py3-none-any.whl", hash = "sha256:ced8b23dceb22134307c1b8abfa523da14198793d9787ac838e70e29e77458d4"},
    {file = "semver-2.13.0.tar.gz", hash = "sha256:fa0fe2722ee1c3f57eac478820c3a5ae2f624af8264cbdf9000c980ff7f75e3f"},
]

[[package]]
name = "setuptools"
version = "68.1.2"
description = "Easily download, build, install, upgrade, and uninstall Python packages"
category = "dev"
optional = false
python-versions = ">=3.8"
files = [
    {file = "setuptools-68.1.2-py3-none-any.whl", hash = "sha256:3d8083eed2d13afc9426f227b24fd1659489ec107c0e86cec2ffdde5c92e790b"},
    {file = "setuptools-68.1.2.tar.gz", hash = "sha256:3d4dfa6d95f1b101d695a6160a7626e15583af71a5f52176efa5d39a054d475d"},
]

[package.extras]
docs = ["furo", "jaraco.packaging (>=9.3)", "jaraco.tidelift (>=1.4)", "pygments-github-lexers (==0.0.5)", "rst.linker (>=1.9)", "sphinx (>=3.5,<=7.1.2)", "sphinx-favicon", "sphinx-hoverxref (<2)", "sphinx-inline-tabs", "sphinx-lint", "sphinx-notfound-page (==0.8.3)", "sphinx-reredirects", "sphinxcontrib-towncrier"]
testing = ["build[virtualenv]", "filelock (>=3.4.0)", "flake8-2020", "ini2toml[lite] (>=0.9)", "jaraco.develop (>=7.21)", "jaraco.envs (>=2.2)", "jaraco.path (>=3.2.0)", "pip (>=19.1)", "pytest (>=6)", "pytest-black (>=0.3.7)", "pytest-checkdocs (>=2.4)", "pytest-cov", "pytest-enabler (>=2.2)", "pytest-mypy (>=0.9.1)", "pytest-perf", "pytest-ruff", "pytest-timeout", "pytest-xdist", "tomli-w (>=1.0.0)", "virtualenv (>=13.0.0)", "wheel"]
testing-integration = ["build[virtualenv]", "filelock (>=3.4.0)", "jaraco.envs (>=2.2)", "jaraco.path (>=3.2.0)", "pytest", "pytest-enabler", "pytest-xdist", "tomli", "virtualenv (>=13.0.0)", "wheel"]

[[package]]
name = "six"
version = "1.16.0"
description = "Python 2 and 3 compatibility utilities"
category = "main"
optional = false
python-versions = ">=2.7, !=3.0.*, !=3.1.*, !=3.2.*"
files = [
    {file = "six-1.16.0-py2.py3-none-any.whl", hash = "sha256:8abb2f1d86890a2dfb989f9a77cfcfd3e47c2a354b01111771326f8aa26e0254"},
    {file = "six-1.16.0.tar.gz", hash = "sha256:1e61c37477a1626458e36f7b1d82aa5c9b094fa4802892072e49de9c60c4c926"},
]

[[package]]
name = "tomli"
version = "1.2.3"
description = "A lil' TOML parser"
category = "dev"
optional = false
python-versions = ">=3.6"
files = [
    {file = "tomli-1.2.3-py3-none-any.whl", hash = "sha256:e3069e4be3ead9668e21cb9b074cd948f7b3113fd9c8bba083f48247aab8b11c"},
    {file = "tomli-1.2.3.tar.gz", hash = "sha256:05b6166bff487dc068d322585c7ea4ef78deed501cc124060e0f238e89a9231f"},
]

[[package]]
name = "typing-extensions"
version = "4.7.1"
description = "Backported and Experimental Type Hints for Python 3.7+"
category = "dev"
optional = false
python-versions = ">=3.7"
files = [
    {file = "typing_extensions-4.7.1-py3-none-any.whl", hash = "sha256:440d5dd3af93b060174bf433bccd69b0babc3b15b1a8dca43789fd7f61514b36"},
    {file = "typing_extensions-4.7.1.tar.gz", hash = "sha256:b75ddc264f0ba5615db7ba217daeb99701ad295353c45f9e95963337ceeeffb2"},
]

[[package]]
name = "virtualenv"
version = "20.24.3"
description = "Virtual Python Environment builder"
category = "dev"
optional = false
python-versions = ">=3.7"
files = [
    {file = "virtualenv-20.24.3-py3-none-any.whl", hash = "sha256:95a6e9398b4967fbcb5fef2acec5efaf9aa4972049d9ae41f95e0972a683fd02"},
    {file = "virtualenv-20.24.3.tar.gz", hash = "sha256:e5c3b4ce817b0b328af041506a2a299418c98747c4b1e68cb7527e74ced23efc"},
]

[package.dependencies]
distlib = ">=0.3.7,<1"
filelock = ">=3.12.2,<4"
platformdirs = ">=3.9.1,<4"

[package.extras]
docs = ["furo (>=2023.5.20)", "proselint (>=0.13)", "sphinx (>=7.0.1)", "sphinx-argparse (>=0.4)", "sphinxcontrib-towncrier (>=0.2.1a0)", "towncrier (>=23.6)"]
test = ["covdefaults (>=2.3)", "coverage (>=7.2.7)", "coverage-enable-subprocess (>=1)", "flaky (>=3.7)", "packaging (>=23.1)", "pytest (>=7.4)", "pytest-env (>=0.8.2)", "pytest-freezer (>=0.4.8)", "pytest-mock (>=3.11.1)", "pytest-randomly (>=3.12)", "pytest-timeout (>=2.1)", "setuptools (>=68)", "time-machine (>=2.10)"]

[metadata]
lock-version = "2.0"
python-versions = "^3.10"
content-hash = "2dd982bb22f6d917a3b9b17191e00cd331725f21bdddf08416a3241cc9b155b4"
